<Solution>
  <Folder Name="/Gateway/">
    <Project Path="Gateway/SmartShip.Gateway/SmartShip.Gateway.csproj" />
  </Folder>
  <Folder Name="/Services/" />
  <Folder Name="/Services/AdminService/" />
  <Folder Name="/Services/AdminService/Core/">
    <Project Path="Services/AdminService/Core/SmartShip.Admin.Application/SmartShip.Admin.Application.csproj" />
    <Project Path="Services/AdminService/Core/SmartShip.Admin.Domain/SmartShip.Admin.Domain.csproj" />
  </Folder>
  <Folder Name="/Services/AdminService/Infrastructure/">
    <Project Path="Services/AdminService/Infrastructure/SmartShip.Admin.Infrastructure/SmartShip.Admin.Infrastructure.csproj" />
  </Folder>
  <Folder Name="/Services/AdminService/Presentation/">
    <Project Path="Services/AdminService/Presentation/SmartShip.Admin.API/SmartShip.Admin.API.csproj" />
  </Folder>
  <Folder Name="/Services/IdentityService/" />
  <Folder Name="/Services/IdentityService/Core/">
    <Project Path="Services/IdentityService/Core/SmartShip.Identity.Application/SmartShip.Identity.Application.csproj" />
    <Project Path="Services/IdentityService/Core/SmartShip.Identity.Domain/SmartShip.Identity.Domain.csproj" />
  </Folder>
  <Folder Name="/Services/IdentityService/Infrastructure/">
    <Project Path="Services/IdentityService/Infrastructure/SmartShip.Identity.Infrastructure/SmartShip.Identity.Infrastructure.csproj" />
  </Folder>
  <Folder Name="/Services/IdentityService/Presentation/">
    <Project Path="Services/IdentityService/Presentation/SmartShip.Identity.API/SmartShip.Identity.API.csproj" />
  </Folder>
  <Folder Name="/Services/PaymentService/" />
  <Folder Name="/Services/PaymentService/Core/">
    <Project Path="Services/PaymentService/Core/SmartShip.Payment.Application/SmartShip.Payment.Application.csproj" />
    <Project Path="Services/PaymentService/Core/SmartShip.Payment.Domain/SmartShip.Payment.Domain.csproj" />
  </Folder>
  <Folder Name="/Services/PaymentService/Infrastructure/">
    <Project Path="Services/PaymentService/Infrastructure/SmartShip.Payment.Infrastructure/SmartShip.Payment.Infrastructure.csproj" />
  </Folder>
  <Folder Name="/Services/PaymentService/Presentation/">
    <Project Path="Services/PaymentService/Presentation/SmartShip.Payment.API/SmartShip.Payment.API.csproj" />
  </Folder>
  <Folder Name="/Services/ShipmentService/" />
  <Folder Name="/Services/ShipmentService/Core/">
    <Project Path="Services/ShipmentService/Core/SmartShip.Shipment.Application/SmartShip.Shipment.Application.csproj" />
    <Project Path="Services/ShipmentService/Core/SmartShip.Shipment.Domain/SmartShip.Shipment.Domain.csproj" />
  </Folder>
  <Folder Name="/Services/ShipmentService/Infrastructure/">
    <Project Path="Services/ShipmentService/Infrastructure/SmartShip.Shipment.Infrastructure/SmartShip.Shipment.Infrastructure.csproj" />
  </Folder>
  <Folder Name="/Services/ShipmentService/Presentation/">
    <Project Path="Services/ShipmentService/Presentation/SmartShip.Shipment.API/SmartShip.Shipment.API.csproj" />
  </Folder>
  <Folder Name="/Shared/">
    <Project Path="SmartShip.Shared/SmartShip.Shared.csproj" Id="57d61665-2d06-466c-93ed-a273e9ca3adc" />
  </Folder>
</Solution>
